
Microsoft Visual Studio Solution File, Format Version 12.00
# Visual Studio 15
VisualStudioVersion = 15.0.28307.421
MinimumVisualStudioVersion = 10.0.40219.1
Project("{9A19103F-16F7-4668-BE54-9A1E7A4F7556}") = "TGB.WebAPI", "TGB.WebAPI\TGB.WebAPI.csproj", "{D6FEEDAE-C739-49B3-AF42-236920F540A2}"
EndProject
Project("{FAE04EC0-301F-11D3-BF4B-00C04F79EFBC}") = "TGB.TelegramAPI", "TGB.TelegramAPI\TGB.TelegramAPI.csproj", "{91810271-F636-4FAB-9308-3417BF2E2064}"
EndProject
Project("{FAE04EC0-301F-11D3-BF4B-00C04F79EFBC}") = "TGB.Core", "TGB.Core\TGB.Core.csproj", "{5BDBFB18-3B0E-482F-84F8-A45839A8C1D1}"
EndProject
Global
	GlobalSection(SolutionConfigurationPlatforms) = preSolution
		Debug|Any CPU = Debug|Any CPU
		Release|Any CPU = Release|Any CPU
	EndGlobalSection
	GlobalSection(ProjectConfigurationPlatforms) = postSolution
		{D6FEEDAE-C739-49B3-AF42-236920F540A2}.Debug|Any CPU.ActiveCfg = Debug|Any CPU
		{D6FEEDAE-C739-49B3-AF42-236920F540A2}.Debug|Any CPU.Build.0 = Debug|Any CPU
		{D6FEEDAE-C739-49B3-AF42-236920F540A2}.Release|Any CPU.ActiveCfg = Release|Any CPU
		{D6FEEDAE-C739-49B3-AF42-236920F540A2}.Release|Any CPU.Build.0 = Release|Any CPU
		{91810271-F636-4FAB-9308-3417BF2E2064}.Debug|Any CPU.ActiveCfg = Debug|Any CPU
		{91810271-F636-4FAB-9308-3417BF2E2064}.Debug|Any CPU.Build.0 = Debug|Any CPU
		{91810271-F636-4FAB-9308-3417BF2E2064}.Release|Any CPU.ActiveCfg = Release|Any CPU
		{91810271-F636-4FAB-9308-3417BF2E2064}.Release|Any CPU.Build.0 = Release|Any CPU
		{5BDBFB18-3B0E-482F-84F8-A45839A8C1D1}.Debug|Any CPU.ActiveCfg = Debug|Any CPU
		{5BDBFB18-3B0E-482F-84F8-A45839A8C1D1}.Debug|Any CPU.Build.0 = Debug|Any CPU
		{5BDBFB18-3B0E-482F-84F8-A45839A8C1D1}.Release|Any CPU.ActiveCfg = Release|Any CPU
		{5BDBFB18-3B0E-482F-84F8-A45839A8C1D1}.Release|Any CPU.Build.0 = Release|Any CPU
	EndGlobalSection
	GlobalSection(SolutionProperties) = preSolution
		HideSolutionNode = FALSE
	EndGlobalSection
	GlobalSection(ExtensibilityGlobals) = postSolution
		SolutionGuid = {8147A8DB-8C77-4FBA-A4BA-F15C19DB3140}
	EndGlobalSection
EndGlobal
